
Microsoft Visual Studio Solution File, Format Version 12.00
# Visual Studio Version 17
VisualStudioVersion = 17.0.31919.166
MinimumVisualStudioVersion = 10.0.40219.1
Project("{8BC9CEB8-8B4A-11D0-8D11-00A0C91BC942}") = "LabW_7_Base_progs", "LabW_7_Base_progs\LabW_7_Base_progs.vcxproj", "{61576007-0766-4720-83FB-C47C2C7EAA1E}"
EndProject
Global
	GlobalSection(SolutionConfigurationPlatforms) = preSolution
		Debug|x64 = Debug|x64
		Debug|x86 = Debug|x86
		Release|x64 = Release|x64
		Release|x86 = Release|x86
	EndGlobalSection
	GlobalSection(ProjectConfigurationPlatforms) = postSolution
		{61576007-0766-4720-83FB-C47C2C7EAA1E}.Debug|x64.ActiveCfg = Debug|x64
		{61576007-0766-4720-83FB-C47C2C7EAA1E}.Debug|x64.Build.0 = Debug|x64
		{61576007-0766-4720-83FB-C47C2C7EAA1E}.Debug|x86.ActiveCfg = Debug|Win32
		{61576007-0766-4720-83FB-C47C2C7EAA1E}.Debug|x86.Build.0 = Debug|Win32
		{61576007-0766-4720-83FB-C47C2C7EAA1E}.Release|x64.ActiveCfg = Release|x64
		{61576007-0766-4720-83FB-C47C2C7EAA1E}.Release|x64.Build.0 = Release|x64
		{61576007-0766-4720-83FB-C47C2C7EAA1E}.Release|x86.ActiveCfg = Release|Win32
		{61576007-0766-4720-83FB-C47C2C7EAA1E}.Release|x86.Build.0 = Release|Win32
	EndGlobalSection
	GlobalSection(SolutionProperties) = preSolution
		HideSolutionNode = FALSE
	EndGlobalSection
	GlobalSection(ExtensibilityGlobals) = postSolution
		SolutionGuid = {4148DF50-A5AE-4543-88B1-8E3495A40460}
	EndGlobalSection
EndGlobal
